// !$*UTF8*$!
{
	archiveVersion = 1;
	classes = {
	};
	objectVersion = 46;
	objects = {

/* Begin PBXBuildFile section */
		320BE61E1F266EF600A6391C /* ArrayOperation.swift in Sources */ = {isa = PBXBuildFile; fileRef = 320BE61D1F266EF600A6391C /* ArrayOperation.swift */; };
		3255B4BF1F39420500F02A2D /* LinkedList.swift in Sources */ = {isa = PBXBuildFile; fileRef = 3255B4BE1F39420500F02A2D /* LinkedList.swift */; };
		3262100C1F1FC1060081F03A /* main.swift in Sources */ = {isa = PBXBuildFile; fileRef = 3262100B1F1FC1060081F03A /* main.swift */; };
		326210181F1FC1A80081F03A /* SearchAlgorithm.swift in Sources */ = {isa = PBXBuildFile; fileRef = 326210141F1FC1A80081F03A /* SearchAlgorithm.swift */; };
		326210191F1FC1A80081F03A /* Stack.swift in Sources */ = {isa = PBXBuildFile; fileRef = 326210151F1FC1A80081F03A /* Stack.swift */; };
		3262101A1F1FC1A80081F03A /* Queue.swift in Sources */ = {isa = PBXBuildFile; fileRef = 326210161F1FC1A80081F03A /* Queue.swift */; };
		3262101B1F1FC1A80081F03A /* SortAlgorithm.swift in Sources */ = {isa = PBXBuildFile; fileRef = 326210171F1FC1A80081F03A /* SortAlgorithm.swift */; };
		3262101D1F1FC5680081F03A /* DomainHits.swift in Sources */ = {isa = PBXBuildFile; fileRef = 3262101C1F1FC5680081F03A /* DomainHits.swift */; };
		3262101F1F1FC8230081F03A /* Geometry.swift in Sources */ = {isa = PBXBuildFile; fileRef = 3262101E1F1FC8230081F03A /* Geometry.swift */; };
		326210211F1FCC080081F03A /* Algebra.swift in Sources */ = {isa = PBXBuildFile; fileRef = 326210201F1FCC070081F03A /* Algebra.swift */; };
		326210231F1FCEE00081F03A /* MathOperation.swift in Sources */ = {isa = PBXBuildFile; fileRef = 326210221F1FCEE00081F03A /* MathOperation.swift */; };
		32FD59851F30E4C5008BAD61 /* Hashtable.swift in Sources */ = {isa = PBXBuildFile; fileRef = 32FD59841F30E4C5008BAD61 /* Hashtable.swift */; };
/* End PBXBuildFile section */

/* Begin PBXCopyFilesBuildPhase section */
		326210061F1FC1060081F03A /* CopyFiles */ = {
			isa = PBXCopyFilesBuildPhase;
			buildActionMask = 2147483647;
			dstPath = /usr/share/man/man1/;
			dstSubfolderSpec = 0;
			files = (
			);
			runOnlyForDeploymentPostprocessing = 1;
		};
/* End PBXCopyFilesBuildPhase section */

/* Begin PBXFileReference section */
		320BE61D1F266EF600A6391C /* ArrayOperation.swift */ = {isa = PBXFileReference; fileEncoding = 4; lastKnownFileType = sourcecode.swift; path = ArrayOperation.swift; sourceTree = "<group>"; };
		3255B4BE1F39420500F02A2D /* LinkedList.swift */ = {isa = PBXFileReference; fileEncoding = 4; lastKnownFileType = sourcecode.swift; path = LinkedList.swift; sourceTree = "<group>"; };
		326210081F1FC1060081F03A /* BrainWave-Swift */ = {isa = PBXFileReference; explicitFileType = "compiled.mach-o.executable"; includeInIndex = 0; path = "BrainWave-Swift"; sourceTree = BUILT_PRODUCTS_DIR; };
		3262100B1F1FC1060081F03A /* main.swift */ = {isa = PBXFileReference; lastKnownFileType = sourcecode.swift; path = main.swift; sourceTree = "<group>"; };
		326210141F1FC1A80081F03A /* SearchAlgorithm.swift */ = {isa = PBXFileReference; fileEncoding = 4; lastKnownFileType = sourcecode.swift; path = SearchAlgorithm.swift; sourceTree = "<group>"; };
		326210151F1FC1A80081F03A /* Stack.swift */ = {isa = PBXFileReference; fileEncoding = 4; lastKnownFileType = sourcecode.swift; path = Stack.swift; sourceTree = "<group>"; };
		326210161F1FC1A80081F03A /* Queue.swift */ = {isa = PBXFileReference; fileEncoding = 4; lastKnownFileType = sourcecode.swift; path = Queue.swift; sourceTree = "<group>"; };
		326210171F1FC1A80081F03A /* SortAlgorithm.swift */ = {isa = PBXFileReference; fileEncoding = 4; lastKnownFileType = sourcecode.swift; path = SortAlgorithm.swift; sourceTree = "<group>"; };
		3262101C1F1FC5680081F03A /* DomainHits.swift */ = {isa = PBXFileReference; fileEncoding = 4; lastKnownFileType = sourcecode.swift; path = DomainHits.swift; sourceTree = "<group>"; };
		3262101E1F1FC8230081F03A /* Geometry.swift */ = {isa = PBXFileReference; fileEncoding = 4; lastKnownFileType = sourcecode.swift; path = Geometry.swift; sourceTree = "<group>"; };
		326210201F1FCC070081F03A /* Algebra.swift */ = {isa = PBXFileReference; fileEncoding = 4; lastKnownFileType = sourcecode.swift; path = Algebra.swift; sourceTree = "<group>"; };
		326210221F1FCEE00081F03A /* MathOperation.swift */ = {isa = PBXFileReference; fileEncoding = 4; lastKnownFileType = sourcecode.swift; path = MathOperation.swift; sourceTree = "<group>"; };
		32FD59841F30E4C5008BAD61 /* Hashtable.swift */ = {isa = PBXFileReference; fileEncoding = 4; lastKnownFileType = sourcecode.swift; path = Hashtable.swift; sourceTree = "<group>"; };
/* End PBXFileReference section */

/* Begin PBXFrameworksBuildPhase section */
		326210051F1FC1060081F03A /* Frameworks */ = {
			isa = PBXFrameworksBuildPhase;
			buildActionMask = 2147483647;
			files = (
			);
			runOnlyForDeploymentPostprocessing = 0;
		};
/* End PBXFrameworksBuildPhase section */

/* Begin PBXGroup section */
		32620FFF1F1FC1050081F03A = {
			isa = PBXGroup;
			children = (
				3262100A1F1FC1060081F03A /* BrainWave-Swift */,
				326210091F1FC1060081F03A /* Products */,
			);
			sourceTree = "<group>";
		};
		326210091F1FC1060081F03A /* Products */ = {
			isa = PBXGroup;
			children = (
				326210081F1FC1060081F03A /* BrainWave-Swift */,
			);
			name = Products;
			sourceTree = "<group>";
		};
		3262100A1F1FC1060081F03A /* BrainWave-Swift */ = {
			isa = PBXGroup;
			children = (
				3262100B1F1FC1060081F03A /* main.swift */,
				326210141F1FC1A80081F03A /* SearchAlgorithm.swift */,
				326210151F1FC1A80081F03A /* Stack.swift */,
				326210161F1FC1A80081F03A /* Queue.swift */,
				326210171F1FC1A80081F03A /* SortAlgorithm.swift */,
				3262101C1F1FC5680081F03A /* DomainHits.swift */,
				3262101E1F1FC8230081F03A /* Geometry.swift */,
				326210201F1FCC070081F03A /* Algebra.swift */,
				326210221F1FCEE00081F03A /* MathOperation.swift */,
				320BE61D1F266EF600A6391C /* ArrayOperation.swift */,
				32FD59841F30E4C5008BAD61 /* Hashtable.swift */,
				3255B4BE1F39420500F02A2D /* LinkedList.swift */,
			);
			path = "BrainWave-Swift";
			sourceTree = "<group>";
		};
/* End PBXGroup section */

/* Begin PBXNativeTarget section */
		326210071F1FC1060081F03A /* BrainWave-Swift */ = {
			isa = PBXNativeTarget;
			buildConfigurationList = 3262100F1F1FC1060081F03A /* Build configuration list for PBXNativeTarget "BrainWave-Swift" */;
			buildPhases = (
				326210041F1FC1060081F03A /* Sources */,
				326210051F1FC1060081F03A /* Frameworks */,
				326210061F1FC1060081F03A /* CopyFiles */,
			);
			buildRules = (
			);
			dependencies = (
			);
			name = "BrainWave-Swift";
			productName = "BrainWave-Swift";
			productReference = 326210081F1FC1060081F03A /* BrainWave-Swift */;
			productType = "com.apple.product-type.tool";
		};
/* End PBXNativeTarget section */

/* Begin PBXProject section */
		326210001F1FC1050081F03A /* Project object */ = {
			isa = PBXProject;
			attributes = {
				LastSwiftUpdateCheck = 0830;
				LastUpgradeCheck = 0830;
				ORGANIZATIONNAME = "Thinh Le";
				TargetAttributes = {
					326210071F1FC1060081F03A = {
						CreatedOnToolsVersion = 8.3.3;
						DevelopmentTeam = 8KD2N297A7;
						ProvisioningStyle = Automatic;
					};
				};
			};
			buildConfigurationList = 326210031F1FC1050081F03A /* Build configuration list for PBXProject "BrainWave-Swift" */;
			compatibilityVersion = "Xcode 3.2";
			developmentRegion = English;
			hasScannedForEncodings = 0;
			knownRegions = (
				en,
			);
			mainGroup = 32620FFF1F1FC1050081F03A;
			productRefGroup = 326210091F1FC1060081F03A /* Products */;
			projectDirPath = "";
			projectRoot = "";
			targets = (
				326210071F1FC1060081F03A /* BrainWave-Swift */,
			);
		};
/* End PBXProject section */

/* Begin PBXSourcesBuildPhase section */
		326210041F1FC1060081F03A /* Sources */ = {
			isa = PBXSourcesBuildPhase;
			buildActionMask = 2147483647;
			files = (
				326210211F1FCC080081F03A /* Algebra.swift in Sources */,
				326210231F1FCEE00081F03A /* MathOperation.swift in Sources */,
				3262101A1F1FC1A80081F03A /* Queue.swift in Sources */,
				320BE61E1F266EF600A6391C /* ArrayOperation.swift in Sources */,
				3262101B1F1FC1A80081F03A /* SortAlgorithm.swift in Sources */,
				326210191F1FC1A80081F03A /* Stack.swift in Sources */,
				3255B4BF1F39420500F02A2D /* LinkedList.swift in Sources */,
				3262100C1F1FC1060081F03A /* main.swift in Sources */,
				3262101D1F1FC5680081F03A /* DomainHits.swift in Sources */,
				3262101F1F1FC8230081F03A /* Geometry.swift in Sources */,
				326210181F1FC1A80081F03A /* SearchAlgorithm.swift in Sources */,
				32FD59851F30E4C5008BAD61 /* Hashtable.swift in Sources */,
			);
			runOnlyForDeploymentPostprocessing = 0;
		};
/* End PBXSourcesBuildPhase section */

/* Begin XCBuildConfiguration section */
		3262100D1F1FC1060081F03A /* Debug */ = {
			isa = XCBuildConfiguration;
			buildSettings = {
				ALWAYS_SEARCH_USER_PATHS = NO;
				CLANG_ANALYZER_NONNULL = YES;
				CLANG_ANALYZER_NUMBER_OBJECT_CONVERSION = YES_AGGRESSIVE;
				CLANG_CXX_LANGUAGE_STANDARD = "gnu++0x";
				CLANG_CXX_LIBRARY = "libc++";
				CLANG_ENABLE_MODULES = YES;
				CLANG_ENABLE_OBJC_ARC = YES;
				CLANG_WARN_BOOL_CONVERSION = YES;
				CLANG_WARN_CONSTANT_CONVERSION = YES;
				CLANG_WARN_DIRECT_OBJC_ISA_USAGE = YES_ERROR;
				CLANG_WARN_DOCUMENTATION_COMMENTS = YES;
				CLANG_WARN_EMPTY_BODY = YES;
				CLANG_WARN_ENUM_CONVERSION = YES;
				CLANG_WARN_INFINITE_RECURSION = YES;
				CLANG_WARN_INT_CONVERSION = YES;
				CLANG_WARN_OBJC_ROOT_CLASS = YES_ERROR;
				CLANG_WARN_SUSPICIOUS_MOVE = YES;
				CLANG_WARN_UNREACHABLE_CODE = YES;
				CLANG_WARN__DUPLICATE_METHOD_MATCH = YES;
				CODE_SIGN_IDENTITY = "-";
				COPY_PHASE_STRIP = NO;
				DEBUG_INFORMATION_FORMAT = dwarf;
				ENABLE_STRICT_OBJC_MSGSEND = YES;
				ENABLE_TESTABILITY = YES;
				GCC_C_LANGUAGE_STANDARD = gnu99;
				GCC_DYNAMIC_NO_PIC = NO;
				GCC_NO_COMMON_BLOCKS = YES;
				GCC_OPTIMIZATION_LEVEL = 0;
				GCC_PREPROCESSOR_DEFINITIONS = (
					"DEBUG=1",
					"$(inherited)",
				);
				GCC_WARN_64_TO_32_BIT_CONVERSION = YES;
				GCC_WARN_ABOUT_RETURN_TYPE = YES_ERROR;
				GCC_WARN_UNDECLARED_SELECTOR = YES;
				GCC_WARN_UNINITIALIZED_AUTOS = YES_AGGRESSIVE;
				GCC_WARN_UNUSED_FUNCTION = YES;
				GCC_WARN_UNUSED_VARIABLE = YES;
				MACOSX_DEPLOYMENT_TARGET = 10.12;
				MTL_ENABLE_DEBUG_INFO = YES;
				ONLY_ACTIVE_ARCH = YES;
				SDKROOT = macosx;
				SWIFT_OPTIMIZATION_LEVEL = "-Onone";
			};
			name = Debug;
		};
		3262100E1F1FC1060081F03A /* Release */ = {
			isa = XCBuildConfiguration;
			buildSettings = {
				ALWAYS_SEARCH_USER_PATHS = NO;
				CLANG_ANALYZER_NONNULL = YES;
				CLANG_ANALYZER_NUMBER_OBJECT_CONVERSION = YES_AGGRESSIVE;
				CLANG_CXX_LANGUAGE_STANDARD = "gnu++0x";
				CLANG_CXX_LIBRARY = "libc++";
				CLANG_ENABLE_MODULES = YES;
				CLANG_ENABLE_OBJC_ARC = YES;
				CLANG_WARN_BOOL_CONVERSION = YES;
				CLANG_WARN_CONSTANT_CONVERSION = YES;
				CLANG_WARN_DIRECT_OBJC_ISA_USAGE = YES_ERROR;
				CLANG_WARN_DOCUMENTATION_COMMENTS = YES;
				CLANG_WARN_EMPTY_BODY = YES;
				CLANG_WARN_ENUM_CONVERSION = YES;
				CLANG_WARN_INFINITE_RECURSION = YES;
				CLANG_WARN_INT_CONVERSION = YES;
				CLANG_WARN_OBJC_ROOT_CLASS = YES_ERROR;
				CLANG_WARN_SUSPICIOUS_MOVE = YES;
				CLANG_WARN_UNREACHABLE_CODE = YES;
				CLANG_WARN__DUPLICATE_METHOD_MATCH = YES;
				CODE_SIGN_IDENTITY = "-";
				COPY_PHASE_STRIP = NO;
				DEBUG_INFORMATION_FORMAT = "dwarf-with-dsym";
				ENABLE_NS_ASSERTIONS = NO;
				ENABLE_STRICT_OBJC_MSGSEND = YES;
				GCC_C_LANGUAGE_STANDARD = gnu99;
				GCC_NO_COMMON_BLOCKS = YES;
				GCC_WARN_64_TO_32_BIT_CONVERSION = YES;
				GCC_WARN_ABOUT_RETURN_TYPE = YES_ERROR;
				GCC_WARN_UNDECLARED_SELECTOR = YES;
				GCC_WARN_UNINITIALIZED_AUTOS = YES_AGGRESSIVE;
				GCC_WARN_UNUSED_FUNCTION = YES;
				GCC_WARN_UNUSED_VARIABLE = YES;
				MACOSX_DEPLOYMENT_TARGET = 10.12;
				MTL_ENABLE_DEBUG_INFO = NO;
				SDKROOT = macosx;
			};
			name = Release;
		};
		326210101F1FC1060081F03A /* Debug */ = {
			isa = XCBuildConfiguration;
			buildSettings = {
				DEVELOPMENT_TEAM = 8KD2N297A7;
				PRODUCT_NAME = "$(TARGET_NAME)";
				SWIFT_VERSION = 3.0;
			};
			name = Debug;
		};
		326210111F1FC1060081F03A /* Release */ = {
			isa = XCBuildConfiguration;
			buildSettings = {
				DEVELOPMENT_TEAM = 8KD2N297A7;
				PRODUCT_NAME = "$(TARGET_NAME)";
				SWIFT_VERSION = 3.0;
			};
			name = Release;
		};
/* End XCBuildConfiguration section */

/* Begin XCConfigurationList section */
		326210031F1FC1050081F03A /* Build configuration list for PBXProject "BrainWave-Swift" */ = {
			isa = XCConfigurationList;
			buildConfigurations = (
				3262100D1F1FC1060081F03A /* Debug */,
				3262100E1F1FC1060081F03A /* Release */,
			);
			defaultConfigurationIsVisible = 0;
			defaultConfigurationName = Release;
		};
		3262100F1F1FC1060081F03A /* Build configuration list for PBXNativeTarget "BrainWave-Swift" */ = {
			isa = XCConfigurationList;
			buildConfigurations = (
				326210101F1FC1060081F03A /* Debug */,
				326210111F1FC1060081F03A /* Release */,
			);
			defaultConfigurationIsVisible = 0;
			defaultConfigurationName = Release;
		};
/* End XCConfigurationList section */
	};
	rootObject = 326210001F1FC1050081F03A /* Project object */;
}
